
Microsoft Visual Studio Solution File, Format Version 12.00
# Visual Studio Version 16
VisualStudioVersion = 16.0.30711.63
MinimumVisualStudioVersion = 10.0.40219.1
Project("{FAE04EC0-301F-11D3-BF4B-00C04F79EFBC}") = "CITO FSIN", "CITO FSIN.csproj", "{C9D48204-BD1E-44AE-B5CE-5C858BA95FB6}"
EndProject
Global
	GlobalSection(SolutionConfigurationPlatforms) = preSolution
		Debug|Any CPU = Debug|Any CPU
		Release|Any CPU = Release|Any CPU
	EndGlobalSection
	GlobalSection(ProjectConfigurationPlatforms) = postSolution
		{C9D48204-BD1E-44AE-B5CE-5C858BA95FB6}.Debug|Any CPU.ActiveCfg = Debug|Any CPU
		{C9D48204-BD1E-44AE-B5CE-5C858BA95FB6}.Debug|Any CPU.Build.0 = Debug|Any CPU
		{C9D48204-BD1E-44AE-B5CE-5C858BA95FB6}.Release|Any CPU.ActiveCfg = Release|Any CPU
		{C9D48204-BD1E-44AE-B5CE-5C858BA95FB6}.Release|Any CPU.Build.0 = Release|Any CPU
	EndGlobalSection
	GlobalSection(SolutionProperties) = preSolution
		HideSolutionNode = FALSE
	EndGlobalSection
	GlobalSection(ExtensibilityGlobals) = postSolution
		SolutionGuid = {36C4EA8D-F7B2-4E63-B070-06DD53D63EEF}
	EndGlobalSection
EndGlobal
